
Microsoft Visual Studio Solution File, Format Version 12.00
# Visual Studio 2013
VisualStudioVersion = 12.0.30501.0
MinimumVisualStudioVersion = 10.0.40219.1
Project("{2150E333-8FDC-42A3-9474-1A3956D46DE8}") = "1 - Resources", "1 - Resources", "{A75110FA-FCD9-4D6D-A289-E6BD29947003}"
EndProject
Project("{2150E333-8FDC-42A3-9474-1A3956D46DE8}") = "2 - Sources", "2 - Sources", "{A5E233DE-AF97-4FF0-92BB-0129A6FEF283}"
EndProject
Project("{2150E333-8FDC-42A3-9474-1A3956D46DE8}") = "3 - Tests", "3 - Tests", "{7437CB13-F932-4DCB-A740-17D4316B62B5}"
EndProject
Project("{FAE04EC0-301F-11D3-BF4B-00C04F79EFBC}") = "ServiceStack.Authentication.LightSpeed", "src\ServiceStack.Authentication.LightSpeed\ServiceStack.Authentication.LightSpeed.csproj", "{4B40A44C-F71A-452F-9609-D2737955587E}"
EndProject
Project("{2150E333-8FDC-42A3-9474-1A3956D46DE8}") = "SQL Scripts", "SQL Scripts", "{463E41E1-91D5-41D7-96DA-E147CBA8D2AC}"
	ProjectSection(SolutionItems) = preProject
		resources\data_schema_1.0.dn.sqlserver.sql = resources\data_schema_1.0.dn.sqlserver.sql
		resources\data_schema_1.0.up.sqlserver.sql = resources\data_schema_1.0.up.sqlserver.sql
	EndProjectSection
EndProject
Project("{FAE04EC0-301F-11D3-BF4B-00C04F79EFBC}") = "ServiceStack.Authentication.LightSpeedTests", "tests\ServiceStack.Authentication.LightSpeedTests\ServiceStack.Authentication.LightSpeedTests.csproj", "{0A191356-64D0-4178-B2DA-C0250585C1EF}"
EndProject
Project("{FAE04EC0-301F-11D3-BF4B-00C04F79EFBC}") = "ServiceStack.Authentication.LightSpeed.Migration", "src\ServiceStack.Authentication.LightSpeed.Migration\ServiceStack.Authentication.LightSpeed.Migration.csproj", "{0C506A08-23D4-40AB-A9A7-DF6BB014E443}"
EndProject
Global
	GlobalSection(SolutionConfigurationPlatforms) = preSolution
		Debug|Any CPU = Debug|Any CPU
		Release|Any CPU = Release|Any CPU
	EndGlobalSection
	GlobalSection(ProjectConfigurationPlatforms) = postSolution
		{4B40A44C-F71A-452F-9609-D2737955587E}.Debug|Any CPU.ActiveCfg = Debug|Any CPU
		{4B40A44C-F71A-452F-9609-D2737955587E}.Debug|Any CPU.Build.0 = Debug|Any CPU
		{4B40A44C-F71A-452F-9609-D2737955587E}.Release|Any CPU.ActiveCfg = Release|Any CPU
		{4B40A44C-F71A-452F-9609-D2737955587E}.Release|Any CPU.Build.0 = Release|Any CPU
		{0A191356-64D0-4178-B2DA-C0250585C1EF}.Debug|Any CPU.ActiveCfg = Debug|Any CPU
		{0A191356-64D0-4178-B2DA-C0250585C1EF}.Debug|Any CPU.Build.0 = Debug|Any CPU
		{0A191356-64D0-4178-B2DA-C0250585C1EF}.Release|Any CPU.ActiveCfg = Release|Any CPU
		{0A191356-64D0-4178-B2DA-C0250585C1EF}.Release|Any CPU.Build.0 = Release|Any CPU
		{0C506A08-23D4-40AB-A9A7-DF6BB014E443}.Debug|Any CPU.ActiveCfg = Debug|Any CPU
		{0C506A08-23D4-40AB-A9A7-DF6BB014E443}.Debug|Any CPU.Build.0 = Debug|Any CPU
		{0C506A08-23D4-40AB-A9A7-DF6BB014E443}.Release|Any CPU.ActiveCfg = Release|Any CPU
		{0C506A08-23D4-40AB-A9A7-DF6BB014E443}.Release|Any CPU.Build.0 = Release|Any CPU
	EndGlobalSection
	GlobalSection(SolutionProperties) = preSolution
		HideSolutionNode = FALSE
	EndGlobalSection
	GlobalSection(NestedProjects) = preSolution
		{4B40A44C-F71A-452F-9609-D2737955587E} = {A5E233DE-AF97-4FF0-92BB-0129A6FEF283}
		{463E41E1-91D5-41D7-96DA-E147CBA8D2AC} = {A75110FA-FCD9-4D6D-A289-E6BD29947003}
		{0A191356-64D0-4178-B2DA-C0250585C1EF} = {7437CB13-F932-4DCB-A740-17D4316B62B5}
		{0C506A08-23D4-40AB-A9A7-DF6BB014E443} = {A5E233DE-AF97-4FF0-92BB-0129A6FEF283}
	EndGlobalSection
EndGlobal
